# generated by rye
# use `rye lock` or `rye sync` to update this lockfile
#
# last locked with the following flags:
#   pre: false
#   features: []
#   all-features: false
#   with-sources: false
#   generate-hashes: false
#   universal: false

-e file:.
alabaster==0.7.16
    # via sphinx
asttokens==2.4.1
    # via stack-data
babel==2.15.0
    # via sphinx
backports-tarfile==1.2.0
    # via jaraco-context
beautifulsoup4==4.12.3
    # via furo
build==1.2.1
certifi==2024.7.4
    # via requests
cffi==1.16.0
    # via cryptography
charset-normalizer==3.3.2
    # via requests
comm==0.2.2
    # via ipykernel
coverage==7.6.0
    # via pytest-cov
cryptography==42.0.8
    # via secretstorage
debugpy==1.8.2
    # via ipykernel
decorator==5.1.1
    # via ipython
docutils==0.21.2
    # via myst-parser
    # via readme-renderer
    # via sphinx
exceptiongroup==1.2.2
    # via ipython
    # via pytest
executing==2.0.1
    # via stack-data
furo==2024.5.6
idna==3.7
    # via requests
imagesize==1.4.1
    # via sphinx
importlib-metadata==8.0.0
    # via build
    # via jupyter-client
    # via keyring
    # via sphinx
    # via twine
iniconfig==2.0.0
    # via pytest
ipykernel==6.29.5
ipython==8.18.1
    # via ipykernel
jaraco-classes==3.4.0
    # via keyring
jaraco-context==5.3.0
    # via keyring
jaraco-functools==4.0.1
    # via keyring
jedi==0.19.1
    # via ipython
jeepney==0.8.0
    # via keyring
    # via secretstorage
jinja2==3.1.4
    # via myst-parser
    # via sphinx
joblib==1.4.2
    # via scikit-learn
jupyter-client==8.6.2
    # via ipykernel
jupyter-core==5.7.2
    # via ipykernel
    # via jupyter-client
kaleido==0.2.1
    # via plotly-extend-wrapper
keyring==25.2.1
    # via twine
markdown-it-py==3.0.0
    # via mdit-py-plugins
    # via myst-parser
    # via rich
markupsafe==2.1.5
    # via jinja2
matplotlib-inline==0.1.7
    # via ipykernel
    # via ipython
mdit-py-plugins==0.4.1
    # via myst-parser
mdurl==0.1.2
    # via markdown-it-py
more-itertools==10.3.0
    # via jaraco-classes
    # via jaraco-functools
myst-parser==3.0.1
nest-asyncio==1.6.0
    # via ipykernel
nh3==0.2.18
    # via readme-renderer
numpy==2.0.0
    # via pandas
    # via pyarrow
    # via scikit-learn
    # via scipy
packaging==24.1
    # via build
    # via ipykernel
    # via plotly
    # via pytest
    # via sphinx
pandas==2.2.2
    # via plotly-extend-wrapper
parso==0.8.4
    # via jedi
pexpect==4.9.0
    # via ipython
pkginfo==1.10.0
    # via twine
platformdirs==4.2.2
    # via jupyter-core
plotly==5.22.0
    # via plotly-extend-wrapper
pluggy==1.5.0
    # via pytest
prompt-toolkit==3.0.47
    # via ipython
psutil==6.0.0
    # via ipykernel
ptyprocess==0.7.0
    # via pexpect
pure-eval==0.2.2
    # via stack-data
pyarrow==16.1.0
    # via plotly-extend-wrapper
pycparser==2.22
    # via cffi
pygments==2.18.0
    # via furo
    # via ipython
    # via readme-renderer
    # via rich
    # via sphinx
pyproject-hooks==1.1.0
    # via build
pytest==8.2.2
    # via pytest-cov
pytest-cov==5.0.0
python-dateutil==2.9.0.post0
    # via jupyter-client
    # via pandas
pytz==2024.1
    # via pandas
pyyaml==6.0.1
    # via myst-parser
pyzmq==26.0.3
    # via ipykernel
    # via jupyter-client
readme-renderer==44.0
    # via twine
requests==2.32.3
    # via requests-toolbelt
    # via sphinx
    # via twine
requests-toolbelt==1.0.0
    # via twine
rfc3986==2.0.0
    # via twine
rich==13.7.1
    # via twine
ruff==0.5.1
scikit-learn==1.5.1
scipy==1.13.1
    # via plotly-extend-wrapper
    # via scikit-learn
secretstorage==3.3.3
    # via keyring
six==1.16.0
    # via asttokens
    # via python-dateutil
snowballstemmer==2.2.0
    # via sphinx
soupsieve==2.5
    # via beautifulsoup4
sphinx==7.3.7
    # via furo
    # via myst-parser
    # via sphinx-basic-ng
sphinx-basic-ng==1.0.0b2
    # via furo
sphinxcontrib-applehelp==1.0.8
    # via sphinx
sphinxcontrib-devhelp==1.0.6
    # via sphinx
sphinxcontrib-htmlhelp==2.0.5
    # via sphinx
sphinxcontrib-jsmath==1.0.1
    # via sphinx
sphinxcontrib-qthelp==1.0.7
    # via sphinx
sphinxcontrib-serializinghtml==1.1.10
    # via sphinx
stack-data==0.6.3
    # via ipython
tenacity==8.5.0
    # via plotly
threadpoolctl==3.5.0
    # via scikit-learn
tomli==2.0.1
    # via build
    # via coverage
    # via pytest
    # via sphinx
tornado==6.4.1
    # via ipykernel
    # via jupyter-client
traitlets==5.14.3
    # via comm
    # via ipykernel
    # via ipython
    # via jupyter-client
    # via jupyter-core
    # via matplotlib-inline
twine==5.1.1
typing-extensions==4.12.2
    # via ipython
tzdata==2024.1
    # via pandas
urllib3==2.2.2
    # via requests
    # via twine
wcwidth==0.2.13
    # via prompt-toolkit
wheel==0.43.0
zipp==3.19.2
    # via importlib-metadata
